
Microsoft Visual Studio Solution File, Format Version 12.00
# Visual Studio Version 17
VisualStudioVersion = 17.8.34330.188
MinimumVisualStudioVersion = 10.0.40219.1
Project("{FAE04EC0-301F-11D3-BF4B-00C04F79EFBC}") = "MyApiAndMore", "MyApiAndMore\MyApiAndMore.csproj", "{BFA01C05-EB2E-4105-BA83-456E6C9886DE}"
EndProject
Project("{FAE04EC0-301F-11D3-BF4B-00C04F79EFBC}") = "BadCodeExample", "BadCodeExample\BadCodeExample.csproj", "{C8A3C746-27D5-4E32-BF8A-50CFE2DD8BD3}"
EndProject
Global
	GlobalSection(SolutionConfigurationPlatforms) = preSolution
		Debug|Any CPU = Debug|Any CPU
		Release|Any CPU = Release|Any CPU
	EndGlobalSection
	GlobalSection(ProjectConfigurationPlatforms) = postSolution
		{BFA01C05-EB2E-4105-BA83-456E6C9886DE}.Debug|Any CPU.ActiveCfg = Debug|Any CPU
		{BFA01C05-EB2E-4105-BA83-456E6C9886DE}.Debug|Any CPU.Build.0 = Debug|Any CPU
		{BFA01C05-EB2E-4105-BA83-456E6C9886DE}.Release|Any CPU.ActiveCfg = Release|Any CPU
		{BFA01C05-EB2E-4105-BA83-456E6C9886DE}.Release|Any CPU.Build.0 = Release|Any CPU
		{C8A3C746-27D5-4E32-BF8A-50CFE2DD8BD3}.Debug|Any CPU.ActiveCfg = Debug|Any CPU
		{C8A3C746-27D5-4E32-BF8A-50CFE2DD8BD3}.Debug|Any CPU.Build.0 = Debug|Any CPU
		{C8A3C746-27D5-4E32-BF8A-50CFE2DD8BD3}.Release|Any CPU.ActiveCfg = Release|Any CPU
		{C8A3C746-27D5-4E32-BF8A-50CFE2DD8BD3}.Release|Any CPU.Build.0 = Release|Any CPU
	EndGlobalSection
	GlobalSection(SolutionProperties) = preSolution
		HideSolutionNode = FALSE
	EndGlobalSection
	GlobalSection(ExtensibilityGlobals) = postSolution
		SolutionGuid = {B003793A-58F3-4F18-8AB7-60FE5B6716FD}
	EndGlobalSection
EndGlobal
